
Microsoft Visual Studio Solution File, Format Version 12.00
# Visual Studio Version 17
VisualStudioVersion = 17.3.32922.545
MinimumVisualStudioVersion = 10.0.40219.1
Project("{FAE04EC0-301F-11D3-BF4B-00C04F79EFBC}") = "WebApplication1", "WebApplication1\WebApplication1.csproj", "{EF118707-67FD-4327-B73E-E74DB4029EF6}"
EndProject
Global
	GlobalSection(SolutionConfigurationPlatforms) = preSolution
		Debug|Any CPU = Debug|Any CPU
		Release|Any CPU = Release|Any CPU
	EndGlobalSection
	GlobalSection(ProjectConfigurationPlatforms) = postSolution
		{EF118707-67FD-4327-B73E-E74DB4029EF6}.Debug|Any CPU.ActiveCfg = Debug|Any CPU
		{EF118707-67FD-4327-B73E-E74DB4029EF6}.Debug|Any CPU.Build.0 = Debug|Any CPU
		{EF118707-67FD-4327-B73E-E74DB4029EF6}.Release|Any CPU.ActiveCfg = Release|Any CPU
		{EF118707-67FD-4327-B73E-E74DB4029EF6}.Release|Any CPU.Build.0 = Release|Any CPU
	EndGlobalSection
	GlobalSection(SolutionProperties) = preSolution
		HideSolutionNode = FALSE
	EndGlobalSection
	GlobalSection(ExtensibilityGlobals) = postSolution
		SolutionGuid = {2B1CD013-8445-4F3B-B693-A86CFFA5C995}
	EndGlobalSection
EndGlobal
