
Microsoft Visual Studio Solution File, Format Version 12.00
# Visual Studio Version 17
VisualStudioVersion = 17.3.32825.248
MinimumVisualStudioVersion = 10.0.40219.1
Project("{FAE04EC0-301F-11D3-BF4B-00C04F79EFBC}") = "WebApplication2", "WebApplication2\WebApplication2.csproj", "{BE7E75C8-B4A6-4EC6-8448-14FEA833FA0F}"
EndProject
Global
	GlobalSection(SolutionConfigurationPlatforms) = preSolution
		Debug|Any CPU = Debug|Any CPU
		Release|Any CPU = Release|Any CPU
	EndGlobalSection
	GlobalSection(ProjectConfigurationPlatforms) = postSolution
		{BE7E75C8-B4A6-4EC6-8448-14FEA833FA0F}.Debug|Any CPU.ActiveCfg = Debug|Any CPU
		{BE7E75C8-B4A6-4EC6-8448-14FEA833FA0F}.Debug|Any CPU.Build.0 = Debug|Any CPU
		{BE7E75C8-B4A6-4EC6-8448-14FEA833FA0F}.Release|Any CPU.ActiveCfg = Release|Any CPU
		{BE7E75C8-B4A6-4EC6-8448-14FEA833FA0F}.Release|Any CPU.Build.0 = Release|Any CPU
	EndGlobalSection
	GlobalSection(SolutionProperties) = preSolution
		HideSolutionNode = FALSE
	EndGlobalSection
	GlobalSection(ExtensibilityGlobals) = postSolution
		SolutionGuid = {AC3F57B6-E76A-41F0-85D2-907A999FA58D}
	EndGlobalSection
EndGlobal
